
Microsoft Visual Studio Solution File, Format Version 12.00
# Visual Studio Version 17
VisualStudioVersion = 17.1.32319.34
MinimumVisualStudioVersion = 10.0.40219.1
Project("{9A19103F-16F7-4668-BE54-9A1E7A4F7556}") = "FormUI", "FormUI\FormUI.csproj", "{A46F77F2-3BB8-42A7-8339-C0CE77883CBB}"
EndProject
Project("{00D1A9C2-B5F0-4AF3-8072-F6C62B433612}") = "ProductDB", "..\CRUDwinformDemoApp\ProductDB\ProductDB.sqlproj", "{00E27042-30AD-4F5B-A587-AF70032EB8DB}"
EndProject
Global
	GlobalSection(SolutionConfigurationPlatforms) = preSolution
		Debug|Any CPU = Debug|Any CPU
		Release|Any CPU = Release|Any CPU
	EndGlobalSection
	GlobalSection(ProjectConfigurationPlatforms) = postSolution
		{A46F77F2-3BB8-42A7-8339-C0CE77883CBB}.Debug|Any CPU.ActiveCfg = Debug|Any CPU
		{A46F77F2-3BB8-42A7-8339-C0CE77883CBB}.Debug|Any CPU.Build.0 = Debug|Any CPU
		{A46F77F2-3BB8-42A7-8339-C0CE77883CBB}.Release|Any CPU.ActiveCfg = Release|Any CPU
		{A46F77F2-3BB8-42A7-8339-C0CE77883CBB}.Release|Any CPU.Build.0 = Release|Any CPU
		{00E27042-30AD-4F5B-A587-AF70032EB8DB}.Debug|Any CPU.ActiveCfg = Debug|Any CPU
		{00E27042-30AD-4F5B-A587-AF70032EB8DB}.Debug|Any CPU.Build.0 = Debug|Any CPU
		{00E27042-30AD-4F5B-A587-AF70032EB8DB}.Debug|Any CPU.Deploy.0 = Debug|Any CPU
		{00E27042-30AD-4F5B-A587-AF70032EB8DB}.Release|Any CPU.ActiveCfg = Release|Any CPU
		{00E27042-30AD-4F5B-A587-AF70032EB8DB}.Release|Any CPU.Build.0 = Release|Any CPU
		{00E27042-30AD-4F5B-A587-AF70032EB8DB}.Release|Any CPU.Deploy.0 = Release|Any CPU
	EndGlobalSection
	GlobalSection(SolutionProperties) = preSolution
		HideSolutionNode = FALSE
	EndGlobalSection
	GlobalSection(ExtensibilityGlobals) = postSolution
		SolutionGuid = {525135E8-FE09-4C86-B025-45B1349A836C}
	EndGlobalSection
EndGlobal
